// !$*UTF8*$!
{
	archiveVersion = 1;
	classes = {
	};
	objectVersion = 50;
	objects = {

/* Begin PBXBuildFile section */
		C577CCC821100D15006FFB57 /* AVFoundation.framework in Frameworks */ = {isa = PBXBuildFile; fileRef = C577CCC721100D15006FFB57 /* AVFoundation.framework */; };
		C5F9328F210B14390014670E /* AppDelegate.swift in Sources */ = {isa = PBXBuildFile; fileRef = C5F9328E210B14390014670E /* AppDelegate.swift */; };
		C5F93294210B14390014670E /* Main.storyboard in Resources */ = {isa = PBXBuildFile; fileRef = C5F93292210B14390014670E /* Main.storyboard */; };
		C5F93296210B143B0014670E /* Assets.xcassets in Resources */ = {isa = PBXBuildFile; fileRef = C5F93295210B143B0014670E /* Assets.xcassets */; };
		C5F93299210B143B0014670E /* LaunchScreen.storyboard in Resources */ = {isa = PBXBuildFile; fileRef = C5F93297210B143B0014670E /* LaunchScreen.storyboard */; };
		C5F932A5210B16BC0014670E /* tableviewController.swift in Sources */ = {isa = PBXBuildFile; fileRef = C5F932A4210B16BC0014670E /* tableviewController.swift */; };
		C5F932A9210B27A60014670E /* AirPlayViewController.swift in Sources */ = {isa = PBXBuildFile; fileRef = C5F932A8210B27A60014670E /* AirPlayViewController.swift */; };
		C5F932AB210B27B50014670E /* AirPlay2ViewController.swift in Sources */ = {isa = PBXBuildFile; fileRef = C5F932AA210B27B50014670E /* AirPlay2ViewController.swift */; };
/* End PBXBuildFile section */

/* Begin PBXFileReference section */
		C577CCC721100D15006FFB57 /* AVFoundation.framework */ = {isa = PBXFileReference; lastKnownFileType = wrapper.framework; name = AVFoundation.framework; path = System/Library/Frameworks/AVFoundation.framework; sourceTree = SDKROOT; };
		C5F9328B210B14390014670E /* AirPlay.app */ = {isa = PBXFileReference; explicitFileType = wrapper.application; includeInIndex = 0; path = AirPlay.app; sourceTree = BUILT_PRODUCTS_DIR; };
		C5F9328E210B14390014670E /* AppDelegate.swift */ = {isa = PBXFileReference; lastKnownFileType = sourcecode.swift; path = AppDelegate.swift; sourceTree = "<group>"; };
		C5F93293210B14390014670E /* Base */ = {isa = PBXFileReference; lastKnownFileType = file.storyboard; name = Base; path = Base.lproj/Main.storyboard; sourceTree = "<group>"; };
		C5F93295210B143B0014670E /* Assets.xcassets */ = {isa = PBXFileReference; lastKnownFileType = folder.assetcatalog; path = Assets.xcassets; sourceTree = "<group>"; };
		C5F93298210B143B0014670E /* Base */ = {isa = PBXFileReference; lastKnownFileType = file.storyboard; name = Base; path = Base.lproj/LaunchScreen.storyboard; sourceTree = "<group>"; };
		C5F9329A210B143B0014670E /* Info.plist */ = {isa = PBXFileReference; lastKnownFileType = text.plist.xml; path = Info.plist; sourceTree = "<group>"; };
		C5F932A4210B16BC0014670E /* tableviewController.swift */ = {isa = PBXFileReference; lastKnownFileType = sourcecode.swift; path = tableviewController.swift; sourceTree = "<group>"; };
		C5F932A8210B27A60014670E /* AirPlayViewController.swift */ = {isa = PBXFileReference; lastKnownFileType = sourcecode.swift; path = AirPlayViewController.swift; sourceTree = "<group>"; };
		C5F932AA210B27B50014670E /* AirPlay2ViewController.swift */ = {isa = PBXFileReference; lastKnownFileType = sourcecode.swift; path = AirPlay2ViewController.swift; sourceTree = "<group>"; };
/* End PBXFileReference section */

/* Begin PBXFrameworksBuildPhase section */
		C5F93288210B14390014670E /* Frameworks */ = {
			isa = PBXFrameworksBuildPhase;
			buildActionMask = 2147483647;
			files = (
				C577CCC821100D15006FFB57 /* AVFoundation.framework in Frameworks */,
			);
			runOnlyForDeploymentPostprocessing = 0;
		};
/* End PBXFrameworksBuildPhase section */

/* Begin PBXGroup section */
		C577CCC621100D15006FFB57 /* Frameworks */ = {
			isa = PBXGroup;
			children = (
				C577CCC721100D15006FFB57 /* AVFoundation.framework */,
			);
			name = Frameworks;
			sourceTree = "<group>";
		};
		C5F93282210B14390014670E = {
			isa = PBXGroup;
			children = (
				C5F9328D210B14390014670E /* AirPlay */,
				C5F9328C210B14390014670E /* Products */,
				C577CCC621100D15006FFB57 /* Frameworks */,
			);
			sourceTree = "<group>";
		};
		C5F9328C210B14390014670E /* Products */ = {
			isa = PBXGroup;
			children = (
				C5F9328B210B14390014670E /* AirPlay.app */,
			);
			name = Products;
			sourceTree = "<group>";
		};
		C5F9328D210B14390014670E /* AirPlay */ = {
			isa = PBXGroup;
			children = (
				C5F9328E210B14390014670E /* AppDelegate.swift */,
				C5F93292210B14390014670E /* Main.storyboard */,
				C5F93295210B143B0014670E /* Assets.xcassets */,
				C5F93297210B143B0014670E /* LaunchScreen.storyboard */,
				C5F9329A210B143B0014670E /* Info.plist */,
				C5F932A4210B16BC0014670E /* tableviewController.swift */,
				C5F932A8210B27A60014670E /* AirPlayViewController.swift */,
				C5F932AA210B27B50014670E /* AirPlay2ViewController.swift */,
			);
			path = AirPlay;
			sourceTree = "<group>";
		};
/* End PBXGroup section */

/* Begin PBXNativeTarget section */
		C5F9328A210B14390014670E /* AirPlay */ = {
			isa = PBXNativeTarget;
			buildConfigurationList = C5F9329D210B143B0014670E /* Build configuration list for PBXNativeTarget "AirPlay" */;
			buildPhases = (
				C5F93287210B14390014670E /* Sources */,
				C5F93288210B14390014670E /* Frameworks */,
				C5F93289210B14390014670E /* Resources */,
			);
			buildRules = (
			);
			dependencies = (
			);
			name = AirPlay;
			productName = AirPlay;
			productReference = C5F9328B210B14390014670E /* AirPlay.app */;
			productType = "com.apple.product-type.application";
		};
/* End PBXNativeTarget section */

/* Begin PBXProject section */
		C5F93283210B14390014670E /* Project object */ = {
			isa = PBXProject;
			attributes = {
				LastSwiftUpdateCheck = 0940;
				LastUpgradeCheck = 0940;
				ORGANIZATIONNAME = "Kenny Lin";
				TargetAttributes = {
					C5F9328A210B14390014670E = {
						CreatedOnToolsVersion = 9.4.1;
						LastSwiftMigration = 0940;
					};
				};
			};
			buildConfigurationList = C5F93286210B14390014670E /* Build configuration list for PBXProject "AirPlay" */;
			compatibilityVersion = "Xcode 9.3";
			developmentRegion = en;
			hasScannedForEncodings = 0;
			knownRegions = (
				en,
				Base,
			);
			mainGroup = C5F93282210B14390014670E;
			productRefGroup = C5F9328C210B14390014670E /* Products */;
			projectDirPath = "";
			projectRoot = "";
			targets = (
				C5F9328A210B14390014670E /* AirPlay */,
			);
		};
/* End PBXProject section */

/* Begin PBXResourcesBuildPhase section */
		C5F93289210B14390014670E /* Resources */ = {
			isa = PBXResourcesBuildPhase;
			buildActionMask = 2147483647;
			files = (
				C5F93299210B143B0014670E /* LaunchScreen.storyboard in Resources */,
				C5F93296210B143B0014670E /* Assets.xcassets in Resources */,
				C5F93294210B14390014670E /* Main.storyboard in Resources */,
			);
			runOnlyForDeploymentPostprocessing = 0;
		};
/* End PBXResourcesBuildPhase section */

/* Begin PBXSourcesBuildPhase section */
		C5F93287210B14390014670E /* Sources */ = {
			isa = PBXSourcesBuildPhase;
			buildActionMask = 2147483647;
			files = (
				C5F932A9210B27A60014670E /* AirPlayViewController.swift in Sources */,
				C5F9328F210B14390014670E /* AppDelegate.swift in Sources */,
				C5F932AB210B27B50014670E /* AirPlay2ViewController.swift in Sources */,
				C5F932A5210B16BC0014670E /* tableviewController.swift in Sources */,
			);
			runOnlyForDeploymentPostprocessing = 0;
		};
/* End PBXSourcesBuildPhase section */

/* Begin PBXVariantGroup section */
		C5F93292210B14390014670E /* Main.storyboard */ = {
			isa = PBXVariantGroup;
			children = (
				C5F93293210B14390014670E /* Base */,
			);
			name = Main.storyboard;
			sourceTree = "<group>";
		};
		C5F93297210B143B0014670E /* LaunchScreen.storyboard */ = {
			isa = PBXVariantGroup;
			children = (
				C5F93298210B143B0014670E /* Base */,
			);
			name = LaunchScreen.storyboard;
			sourceTree = "<group>";
		};
/* End PBXVariantGroup section */

/* Begin XCBuildConfiguration section */
		C5F9329B210B143B0014670E /* Debug */ = {
			isa = XCBuildConfiguration;
			buildSettings = {
				ALWAYS_SEARCH_USER_PATHS = NO;
				CLANG_ANALYZER_NONNULL = YES;
				CLANG_ANALYZER_NUMBER_OBJECT_CONVERSION = YES_AGGRESSIVE;
				CLANG_CXX_LANGUAGE_STANDARD = "gnu++14";
				CLANG_CXX_LIBRARY = "libc++";
				CLANG_ENABLE_MODULES = YES;
				CLANG_ENABLE_OBJC_ARC = YES;
				CLANG_ENABLE_OBJC_WEAK = YES;
				CLANG_WARN_BLOCK_CAPTURE_AUTORELEASING = YES;
				CLANG_WARN_BOOL_CONVERSION = YES;
				CLANG_WARN_COMMA = YES;
				CLANG_WARN_CONSTANT_CONVERSION = YES;
				CLANG_WARN_DEPRECATED_OBJC_IMPLEMENTATIONS = YES;
				CLANG_WARN_DIRECT_OBJC_ISA_USAGE = YES_ERROR;
				CLANG_WARN_DOCUMENTATION_COMMENTS = YES;
				CLANG_WARN_EMPTY_BODY = YES;
				CLANG_WARN_ENUM_CONVERSION = YES;
				CLANG_WARN_INFINITE_RECURSION = YES;
				CLANG_WARN_INT_CONVERSION = YES;
				CLANG_WARN_NON_LITERAL_NULL_CONVERSION = YES;
				CLANG_WARN_OBJC_IMPLICIT_RETAIN_SELF = YES;
				CLANG_WARN_OBJC_LITERAL_CONVERSION = YES;
				CLANG_WARN_OBJC_ROOT_CLASS = YES_ERROR;
				CLANG_WARN_RANGE_LOOP_ANALYSIS = YES;
				CLANG_WARN_STRICT_PROTOTYPES = YES;
				CLANG_WARN_SUSPICIOUS_MOVE = YES;
				CLANG_WARN_UNGUARDED_AVAILABILITY = YES_AGGRESSIVE;
				CLANG_WARN_UNREACHABLE_CODE = YES;
				CLANG_WARN__DUPLICATE_METHOD_MATCH = YES;
				CODE_SIGN_IDENTITY = "iPhone Developer";
				COPY_PHASE_STRIP = NO;
				DEBUG_INFORMATION_FORMAT = dwarf;
				ENABLE_STRICT_OBJC_MSGSEND = YES;
				ENABLE_TESTABILITY = YES;
				GCC_C_LANGUAGE_STANDARD = gnu11;
				GCC_DYNAMIC_NO_PIC = NO;
				GCC_NO_COMMON_BLOCKS = YES;
				GCC_OPTIMIZATION_LEVEL = 0;
				GCC_PREPROCESSOR_DEFINITIONS = (
					"DEBUG=1",
					"$(inherited)",
				);
				GCC_WARN_64_TO_32_BIT_CONVERSION = YES;
				GCC_WARN_ABOUT_RETURN_TYPE = YES_ERROR;
				GCC_WARN_UNDECLARED_SELECTOR = YES;
				GCC_WARN_UNINITIALIZED_AUTOS = YES_AGGRESSIVE;
				GCC_WARN_UNUSED_FUNCTION = YES;
				GCC_WARN_UNUSED_VARIABLE = YES;
				IPHONEOS_DEPLOYMENT_TARGET = 11.4;
				MTL_ENABLE_DEBUG_INFO = YES;
				ONLY_ACTIVE_ARCH = YES;
				SDKROOT = iphoneos;
				SWIFT_ACTIVE_COMPILATION_CONDITIONS = DEBUG;
				SWIFT_OPTIMIZATION_LEVEL = "-Onone";
			};
			name = Debug;
		};
		C5F9329C210B143B0014670E /* Release */ = {
			isa = XCBuildConfiguration;
			buildSettings = {
				ALWAYS_SEARCH_USER_PATHS = NO;
				CLANG_ANALYZER_NONNULL = YES;
				CLANG_ANALYZER_NUMBER_OBJECT_CONVERSION = YES_AGGRESSIVE;
				CLANG_CXX_LANGUAGE_STANDARD = "gnu++14";
				CLANG_CXX_LIBRARY = "libc++";
				CLANG_ENABLE_MODULES = YES;
				CLANG_ENABLE_OBJC_ARC = YES;
				CLANG_ENABLE_OBJC_WEAK = YES;
				CLANG_WARN_BLOCK_CAPTURE_AUTORELEASING = YES;
				CLANG_WARN_BOOL_CONVERSION = YES;
				CLANG_WARN_COMMA = YES;
				CLANG_WARN_CONSTANT_CONVERSION = YES;
				CLANG_WARN_DEPRECATED_OBJC_IMPLEMENTATIONS = YES;
				CLANG_WARN_DIRECT_OBJC_ISA_USAGE = YES_ERROR;
				CLANG_WARN_DOCUMENTATION_COMMENTS = YES;
				CLANG_WARN_EMPTY_BODY = YES;
				CLANG_WARN_ENUM_CONVERSION = YES;
				CLANG_WARN_INFINITE_RECURSION = YES;
				CLANG_WARN_INT_CONVERSION = YES;
				CLANG_WARN_NON_LITERAL_NULL_CONVERSION = YES;
				CLANG_WARN_OBJC_IMPLICIT_RETAIN_SELF = YES;
				CLANG_WARN_OBJC_LITERAL_CONVERSION = YES;
				CLANG_WARN_OBJC_ROOT_CLASS = YES_ERROR;
				CLANG_WARN_RANGE_LOOP_ANALYSIS = YES;
				CLANG_WARN_STRICT_PROTOTYPES = YES;
				CLANG_WARN_SUSPICIOUS_MOVE = YES;
				CLANG_WARN_UNGUARDED_AVAILABILITY = YES_AGGRESSIVE;
				CLANG_WARN_UNREACHABLE_CODE = YES;
				CLANG_WARN__DUPLICATE_METHOD_MATCH = YES;
				CODE_SIGN_IDENTITY = "iPhone Developer";
				COPY_PHASE_STRIP = NO;
				DEBUG_INFORMATION_FORMAT = "dwarf-with-dsym";
				ENABLE_NS_ASSERTIONS = NO;
				ENABLE_STRICT_OBJC_MSGSEND = YES;
				GCC_C_LANGUAGE_STANDARD = gnu11;
				GCC_NO_COMMON_BLOCKS = YES;
				GCC_WARN_64_TO_32_BIT_CONVERSION = YES;
				GCC_WARN_ABOUT_RETURN_TYPE = YES_ERROR;
				GCC_WARN_UNDECLARED_SELECTOR = YES;
				GCC_WARN_UNINITIALIZED_AUTOS = YES_AGGRESSIVE;
				GCC_WARN_UNUSED_FUNCTION = YES;
				GCC_WARN_UNUSED_VARIABLE = YES;
				IPHONEOS_DEPLOYMENT_TARGET = 11.4;
				MTL_ENABLE_DEBUG_INFO = NO;
				SDKROOT = iphoneos;
				SWIFT_COMPILATION_MODE = wholemodule;
				SWIFT_OPTIMIZATION_LEVEL = "-O";
				VALIDATE_PRODUCT = YES;
			};
			name = Release;
		};
		C5F9329E210B143B0014670E /* Debug */ = {
			isa = XCBuildConfiguration;
			buildSettings = {
				ASSETCATALOG_COMPILER_APPICON_NAME = AppIcon;
				CLANG_ENABLE_MODULES = YES;
				CODE_SIGN_STYLE = Automatic;
				DEVELOPMENT_TEAM = "";
				INFOPLIST_FILE = AirPlay/Info.plist;
				IPHONEOS_DEPLOYMENT_TARGET = 11.0;
				LD_RUNPATH_SEARCH_PATHS = (
					"$(inherited)",
					"@executable_path/Frameworks",
				);
				PRODUCT_BUNDLE_IDENTIFIER = AirPlay;
				PRODUCT_NAME = "$(TARGET_NAME)";
				SWIFT_OBJC_BRIDGING_HEADER = "";
				SWIFT_OPTIMIZATION_LEVEL = "-Onone";
				SWIFT_VERSION = 4.0;
				TARGETED_DEVICE_FAMILY = "1,2";
			};
			name = Debug;
		};
		C5F9329F210B143B0014670E /* Release */ = {
			isa = XCBuildConfiguration;
			buildSettings = {
				ASSETCATALOG_COMPILER_APPICON_NAME = AppIcon;
				CLANG_ENABLE_MODULES = YES;
				CODE_SIGN_STYLE = Automatic;
				DEVELOPMENT_TEAM = "";
				INFOPLIST_FILE = AirPlay/Info.plist;
				IPHONEOS_DEPLOYMENT_TARGET = 11.0;
				LD_RUNPATH_SEARCH_PATHS = (
					"$(inherited)",
					"@executable_path/Frameworks",
				);
				PRODUCT_BUNDLE_IDENTIFIER = AirPlay;
				PRODUCT_NAME = "$(TARGET_NAME)";
				SWIFT_OBJC_BRIDGING_HEADER = "";
				SWIFT_VERSION = 4.0;
				TARGETED_DEVICE_FAMILY = "1,2";
			};
			name = Release;
		};
/* End XCBuildConfiguration section */

/* Begin XCConfigurationList section */
		C5F93286210B14390014670E /* Build configuration list for PBXProject "AirPlay" */ = {
			isa = XCConfigurationList;
			buildConfigurations = (
				C5F9329B210B143B0014670E /* Debug */,
				C5F9329C210B143B0014670E /* Release */,
			);
			defaultConfigurationIsVisible = 0;
			defaultConfigurationName = Release;
		};
		C5F9329D210B143B0014670E /* Build configuration list for PBXNativeTarget "AirPlay" */ = {
			isa = XCConfigurationList;
			buildConfigurations = (
				C5F9329E210B143B0014670E /* Debug */,
				C5F9329F210B143B0014670E /* Release */,
			);
			defaultConfigurationIsVisible = 0;
			defaultConfigurationName = Release;
		};
/* End XCConfigurationList section */
	};
	rootObject = C5F93283210B14390014670E /* Project object */;
}
